
Microsoft Visual Studio Solution File, Format Version 12.00
# Visual Studio Version 17
VisualStudioVersion = 17.7.34221.43
MinimumVisualStudioVersion = 10.0.40219.1
Project("{8BC9CEB8-8B4A-11D0-8D11-00A0C91BC942}") = "LCT2614", "LCT2614.vcxproj", "{7C8D0A5B-B3CE-4515-AAA4-1DF0497366F5}"
EndProject
Global
	GlobalSection(SolutionConfigurationPlatforms) = preSolution
		Debug|x64 = Debug|x64
		Debug|x86 = Debug|x86
		Release|x64 = Release|x64
		Release|x86 = Release|x86
	EndGlobalSection
	GlobalSection(ProjectConfigurationPlatforms) = postSolution
		{7C8D0A5B-B3CE-4515-AAA4-1DF0497366F5}.Debug|x64.ActiveCfg = Debug|x64
		{7C8D0A5B-B3CE-4515-AAA4-1DF0497366F5}.Debug|x64.Build.0 = Debug|x64
		{7C8D0A5B-B3CE-4515-AAA4-1DF0497366F5}.Debug|x86.ActiveCfg = Debug|Win32
		{7C8D0A5B-B3CE-4515-AAA4-1DF0497366F5}.Debug|x86.Build.0 = Debug|Win32
		{7C8D0A5B-B3CE-4515-AAA4-1DF0497366F5}.Release|x64.ActiveCfg = Release|x64
		{7C8D0A5B-B3CE-4515-AAA4-1DF0497366F5}.Release|x64.Build.0 = Release|x64
		{7C8D0A5B-B3CE-4515-AAA4-1DF0497366F5}.Release|x86.ActiveCfg = Release|Win32
		{7C8D0A5B-B3CE-4515-AAA4-1DF0497366F5}.Release|x86.Build.0 = Release|Win32
	EndGlobalSection
	GlobalSection(SolutionProperties) = preSolution
		HideSolutionNode = FALSE
	EndGlobalSection
	GlobalSection(ExtensibilityGlobals) = postSolution
		SolutionGuid = {FAC214D7-DB33-4DFE-B38C-69336645D19C}
	EndGlobalSection
EndGlobal
